
Microsoft Visual Studio Solution File, Format Version 12.00
# Visual Studio Version 17
VisualStudioVersion = 17.4.33205.214
MinimumVisualStudioVersion = 10.0.40219.1
Project("{9A19103F-16F7-4668-BE54-9A1E7A4F7556}") = "PostsApi", "PostsApi.csproj", "{134E571B-280D-4675-A3D8-DFCCF06AD672}"
EndProject
Project("{9A19103F-16F7-4668-BE54-9A1E7A4F7556}") = "Bal", "..\Bal\Bal.csproj", "{B8A0D00A-0F9E-4DE1-80F9-469D26C8758F}"
EndProject
Global
	GlobalSection(SolutionConfigurationPlatforms) = preSolution
		Debug|Any CPU = Debug|Any CPU
		Release|Any CPU = Release|Any CPU
	EndGlobalSection
	GlobalSection(ProjectConfigurationPlatforms) = postSolution
		{134E571B-280D-4675-A3D8-DFCCF06AD672}.Debug|Any CPU.ActiveCfg = Debug|Any CPU
		{134E571B-280D-4675-A3D8-DFCCF06AD672}.Debug|Any CPU.Build.0 = Debug|Any CPU
		{134E571B-280D-4675-A3D8-DFCCF06AD672}.Release|Any CPU.ActiveCfg = Release|Any CPU
		{134E571B-280D-4675-A3D8-DFCCF06AD672}.Release|Any CPU.Build.0 = Release|Any CPU
		{B8A0D00A-0F9E-4DE1-80F9-469D26C8758F}.Debug|Any CPU.ActiveCfg = Debug|Any CPU
		{B8A0D00A-0F9E-4DE1-80F9-469D26C8758F}.Debug|Any CPU.Build.0 = Debug|Any CPU
		{B8A0D00A-0F9E-4DE1-80F9-469D26C8758F}.Release|Any CPU.ActiveCfg = Release|Any CPU
		{B8A0D00A-0F9E-4DE1-80F9-469D26C8758F}.Release|Any CPU.Build.0 = Release|Any CPU
	EndGlobalSection
	GlobalSection(SolutionProperties) = preSolution
		HideSolutionNode = FALSE
	EndGlobalSection
	GlobalSection(ExtensibilityGlobals) = postSolution
		SolutionGuid = {84F31E1D-156D-4B28-9355-043E96559EF0}
	EndGlobalSection
EndGlobal
